// !$*UTF8*$!
{
	archiveVersion = 1;
	classes = {
	};
	objectVersion = 56;
	objects = {

/* Begin PBXBuildFile section */
		18097772B58B4B36F57B92AA /* Pods_Tracker.framework in Frameworks */ = {isa = PBXBuildFile; fileRef = 027FF73C85D49FFE1C76D1C0 /* Pods_Tracker.framework */; };
		790B258A2B5C14DA003BB290 /* PadingTextField.swift in Sources */ = {isa = PBXBuildFile; fileRef = 790B25892B5C14DA003BB290 /* PadingTextField.swift */; };
		790B25902B5C261B003BB290 /* ButtonsCell.swift in Sources */ = {isa = PBXBuildFile; fileRef = 790B258F2B5C261B003BB290 /* ButtonsCell.swift */; };
		790B25922B5C264E003BB290 /* ColorCell.swift in Sources */ = {isa = PBXBuildFile; fileRef = 790B25912B5C264E003BB290 /* ColorCell.swift */; };
		790B25942B5C267F003BB290 /* EmojiCell.swift in Sources */ = {isa = PBXBuildFile; fileRef = 790B25932B5C267F003BB290 /* EmojiCell.swift */; };
		790B25972B5C26DC003BB290 /* PropertiesCell.swift in Sources */ = {isa = PBXBuildFile; fileRef = 790B25962B5C26DC003BB290 /* PropertiesCell.swift */; };
		790B25992B5C3A79003BB290 /* NameCell.swift in Sources */ = {isa = PBXBuildFile; fileRef = 790B25982B5C3A79003BB290 /* NameCell.swift */; };
		790B259B2B5C4DBC003BB290 /* SectionHeaderView.swift in Sources */ = {isa = PBXBuildFile; fileRef = 790B259A2B5C4DBC003BB290 /* SectionHeaderView.swift */; };
		790B259E2B5D2179003BB290 /* EmptyListView.swift in Sources */ = {isa = PBXBuildFile; fileRef = 790B259D2B5D2179003BB290 /* EmptyListView.swift */; };
		790B25A02B5D21A1003BB290 /* TrackerListView.swift in Sources */ = {isa = PBXBuildFile; fileRef = 790B259F2B5D21A1003BB290 /* TrackerListView.swift */; };
		790B25A52B5D95A3003BB290 /* TrackerStore.swift in Sources */ = {isa = PBXBuildFile; fileRef = 790B25A42B5D95A3003BB290 /* TrackerStore.swift */; };
		790B25A72B5DC2A4003BB290 /* TrackerListCell.swift in Sources */ = {isa = PBXBuildFile; fileRef = 790B25A62B5DC2A4003BB290 /* TrackerListCell.swift */; };
		790B25A92B6549C2003BB290 /* TrackerListViewModel.swift in Sources */ = {isa = PBXBuildFile; fileRef = 790B25A82B6549C2003BB290 /* TrackerListViewModel.swift */; };
		790B25AB2B65530F003BB290 /* EditTrackerViewModel.swift in Sources */ = {isa = PBXBuildFile; fileRef = 790B25AA2B65530F003BB290 /* EditTrackerViewModel.swift */; };
		790C461B2B9C6F5600C03E1D /* Binding.swift in Sources */ = {isa = PBXBuildFile; fileRef = 790C461A2B9C6F5600C03E1D /* Binding.swift */; };
		790C461D2B9C7C0100C03E1D /* SelectCategoryViewModel.swift in Sources */ = {isa = PBXBuildFile; fileRef = 790C461C2B9C7C0100C03E1D /* SelectCategoryViewModel.swift */; };
		790C461F2B9C85BA00C03E1D /* OnboardingController.swift in Sources */ = {isa = PBXBuildFile; fileRef = 790C461E2B9C85BA00C03E1D /* OnboardingController.swift */; };
		790C46212B9C85E100C03E1D /* OnboardingPageController.swift in Sources */ = {isa = PBXBuildFile; fileRef = 790C46202B9C85E100C03E1D /* OnboardingPageController.swift */; };
		790C46232B9C863600C03E1D /* OnboardingPageView.swift in Sources */ = {isa = PBXBuildFile; fileRef = 790C46222B9C863600C03E1D /* OnboardingPageView.swift */; };
		790C46252B9C866000C03E1D /* OnboardingViewModel.swift in Sources */ = {isa = PBXBuildFile; fileRef = 790C46242B9C866000C03E1D /* OnboardingViewModel.swift */; };
		793889D12B52FC2100FD1F92 /* Tracker.swift in Sources */ = {isa = PBXBuildFile; fileRef = 793889D02B52FC2100FD1F92 /* Tracker.swift */; };
		793889D32B52FC3800FD1F92 /* TrackerType.swift in Sources */ = {isa = PBXBuildFile; fileRef = 793889D22B52FC3800FD1F92 /* TrackerType.swift */; };
		793889D52B52FC4800FD1F92 /* TrackerCategory.swift in Sources */ = {isa = PBXBuildFile; fileRef = 793889D42B52FC4800FD1F92 /* TrackerCategory.swift */; };
		793889D72B52FC6200FD1F92 /* TrackerRecord.swift in Sources */ = {isa = PBXBuildFile; fileRef = 793889D62B52FC6200FD1F92 /* TrackerRecord.swift */; };
		793889D92B52FC8700FD1F92 /* WeekDay.swift in Sources */ = {isa = PBXBuildFile; fileRef = 793889D82B52FC8700FD1F92 /* WeekDay.swift */; };
		793889E12B532EE400FD1F92 /* SelectCategoryController.swift in Sources */ = {isa = PBXBuildFile; fileRef = 793889E02B532EE400FD1F92 /* SelectCategoryController.swift */; };
		793889E32B532F0300FD1F92 /* SelectScheduleController.swift in Sources */ = {isa = PBXBuildFile; fileRef = 793889E22B532F0300FD1F92 /* SelectScheduleController.swift */; };
		793889E52B532F2500FD1F92 /* AddTrackerController.swift in Sources */ = {isa = PBXBuildFile; fileRef = 793889E42B532F2500FD1F92 /* AddTrackerController.swift */; };
		793889E72B532F3B00FD1F92 /* EditTrackerController.swift in Sources */ = {isa = PBXBuildFile; fileRef = 793889E62B532F3B00FD1F92 /* EditTrackerController.swift */; };
		793889E92B532F5300FD1F92 /* CreateCategoryController.swift in Sources */ = {isa = PBXBuildFile; fileRef = 793889E82B532F5300FD1F92 /* CreateCategoryController.swift */; };
		793889EB2B53309900FD1F92 /* SelectCategoryView.swift in Sources */ = {isa = PBXBuildFile; fileRef = 793889EA2B53309900FD1F92 /* SelectCategoryView.swift */; };
		793889ED2B53312E00FD1F92 /* SelectScheduleView.swift in Sources */ = {isa = PBXBuildFile; fileRef = 793889EC2B53312E00FD1F92 /* SelectScheduleView.swift */; };
		793889EF2B53318C00FD1F92 /* AddTrackerView.swift in Sources */ = {isa = PBXBuildFile; fileRef = 793889EE2B53318C00FD1F92 /* AddTrackerView.swift */; };
		793889F12B5331A400FD1F92 /* EditTrackerView.swift in Sources */ = {isa = PBXBuildFile; fileRef = 793889F02B5331A400FD1F92 /* EditTrackerView.swift */; };
		793889F32B5331C400FD1F92 /* CreateCategoryView.swift in Sources */ = {isa = PBXBuildFile; fileRef = 793889F22B5331C400FD1F92 /* CreateCategoryView.swift */; };
		793E20E62BAF3D8D0020271D /* SelectFilterController.swift in Sources */ = {isa = PBXBuildFile; fileRef = 793E20E52BAF3D8D0020271D /* SelectFilterController.swift */; };
		793E20E82BAF3D900020271D /* SelectFilterView.swift in Sources */ = {isa = PBXBuildFile; fileRef = 793E20E72BAF3D900020271D /* SelectFilterView.swift */; };
		793E20EA2BAF49760020271D /* TrackerFilter.swift in Sources */ = {isa = PBXBuildFile; fileRef = 793E20E92BAF49760020271D /* TrackerFilter.swift */; };
		793E20ED2BAF771B0020271D /* InlineSnapshotTesting in Frameworks */ = {isa = PBXBuildFile; productRef = 793E20EC2BAF771B0020271D /* InlineSnapshotTesting */; };
		793E20EF2BAF771B0020271D /* SnapshotTesting in Frameworks */ = {isa = PBXBuildFile; productRef = 793E20EE2BAF771B0020271D /* SnapshotTesting */; };
		795912772B6E738B0080548A /* Settings.swift in Sources */ = {isa = PBXBuildFile; fileRef = 795912762B6E738B0080548A /* Settings.swift */; };
		7959127B2B7CA4380080548A /* TrackerCategoryStore.swift in Sources */ = {isa = PBXBuildFile; fileRef = 7959127A2B7CA4380080548A /* TrackerCategoryStore.swift */; };
		797D535A2B9CB3C3001B36C7 /* OnboardingManager.swift in Sources */ = {isa = PBXBuildFile; fileRef = 797D53592B9CB3C3001B36C7 /* OnboardingManager.swift */; };
		797D535C2B9CB9B6001B36C7 /* OnboardingStorage.swift in Sources */ = {isa = PBXBuildFile; fileRef = 797D535B2B9CB9B6001B36C7 /* OnboardingStorage.swift */; };
		797D535E2B9CB9ED001B36C7 /* Data+Extensions.swift in Sources */ = {isa = PBXBuildFile; fileRef = 797D535D2B9CB9ED001B36C7 /* Data+Extensions.swift */; };
		79860B4A2AF96CE000B95344 /* AppDelegate.swift in Sources */ = {isa = PBXBuildFile; fileRef = 79860B492AF96CE000B95344 /* AppDelegate.swift */; };
		79860B4C2AF96CE000B95344 /* SceneDelegate.swift in Sources */ = {isa = PBXBuildFile; fileRef = 79860B4B2AF96CE000B95344 /* SceneDelegate.swift */; };
		79860B4E2AF96CE000B95344 /* TrackerListViewController.swift in Sources */ = {isa = PBXBuildFile; fileRef = 79860B4D2AF96CE000B95344 /* TrackerListViewController.swift */; };
		79860B532AF96CE200B95344 /* Assets.xcassets in Resources */ = {isa = PBXBuildFile; fileRef = 79860B522AF96CE200B95344 /* Assets.xcassets */; };
		79860B562AF96CE200B95344 /* LaunchScreen.storyboard in Resources */ = {isa = PBXBuildFile; fileRef = 79860B542AF96CE200B95344 /* LaunchScreen.storyboard */; };
		79860B612AF96CE200B95344 /* ScreenTests.swift in Sources */ = {isa = PBXBuildFile; fileRef = 79860B602AF96CE200B95344 /* ScreenTests.swift */; };
		79860B6B2AF96CE200B95344 /* TrackerUITests.swift in Sources */ = {isa = PBXBuildFile; fileRef = 79860B6A2AF96CE200B95344 /* TrackerUITests.swift */; };
		79860B6D2AF96CE200B95344 /* TrackerUITestsLaunchTests.swift in Sources */ = {isa = PBXBuildFile; fileRef = 79860B6C2AF96CE200B95344 /* TrackerUITestsLaunchTests.swift */; };
		79860B952AF975DD00B95344 /* UIView+Extensions.swift in Sources */ = {isa = PBXBuildFile; fileRef = 79860B832AF975DD00B95344 /* UIView+Extensions.swift */; };
		79860B982AF975DD00B95344 /* UIColor+Extensions.swift in Sources */ = {isa = PBXBuildFile; fileRef = 79860B862AF975DD00B95344 /* UIColor+Extensions.swift */; };
		79860BA22AF97C8600B95344 /* UIImage+Extensions.swift in Sources */ = {isa = PBXBuildFile; fileRef = 79860BA12AF97C8600B95344 /* UIImage+Extensions.swift */; };
		79860BA52B00BCA600B95344 /* Swinject in Frameworks */ = {isa = PBXBuildFile; productRef = 79860BA42B00BCA600B95344 /* Swinject */; };
		79860BA72B00BD1700B95344 /* TabBarController.swift in Sources */ = {isa = PBXBuildFile; fileRef = 79860BA62B00BD1700B95344 /* TabBarController.swift */; };
		79860BA92B00BE9200B95344 /* StatisticViewController.swift in Sources */ = {isa = PBXBuildFile; fileRef = 79860BA82B00BE9200B95344 /* StatisticViewController.swift */; };
		799D40402B65AC1B005B1478 /* PropertyButton.swift in Sources */ = {isa = PBXBuildFile; fileRef = 799D403F2B65AC1B005B1478 /* PropertyButton.swift */; };
		799D40422B6627CF005B1478 /* EditAction.swift in Sources */ = {isa = PBXBuildFile; fileRef = 799D40412B6627CF005B1478 /* EditAction.swift */; };
		799D40442B675C2A005B1478 /* CategoryWithTrackers.swift in Sources */ = {isa = PBXBuildFile; fileRef = 799D40432B675C2A005B1478 /* CategoryWithTrackers.swift */; };
		799D40462B67907C005B1478 /* AddParentDelegateProtocol.swift in Sources */ = {isa = PBXBuildFile; fileRef = 799D40452B67907C005B1478 /* AddParentDelegateProtocol.swift */; };
		799D404B2B68128E005B1478 /* DateWoTime.swift in Sources */ = {isa = PBXBuildFile; fileRef = 799D404A2B68128E005B1478 /* DateWoTime.swift */; };
		79E9CA042B938DFC00D18198 /* Store.swift in Sources */ = {isa = PBXBuildFile; fileRef = 79E9CA032B938DFB00D18198 /* Store.swift */; };
		79E9CA062B94EC4A00D18198 /* StoreUpdate.swift in Sources */ = {isa = PBXBuildFile; fileRef = 79E9CA052B94EC4A00D18198 /* StoreUpdate.swift */; };
		79F8C0912B6D33AB000E9866 /* Library.xcdatamodeld in Sources */ = {isa = PBXBuildFile; fileRef = 79F8C08F2B6D33AB000E9866 /* Library.xcdatamodeld */; };
		A7D5716F3B29D13B92E7849D /* Pods_TrackerTests.framework in Frameworks */ = {isa = PBXBuildFile; fileRef = E21B9E9AEB8882C8EB06C84B /* Pods_TrackerTests.framework */; };
		AF160EB409439565D089E5F3 /* Pods_Tracker_TrackerUITests.framework in Frameworks */ = {isa = PBXBuildFile; fileRef = 40AEAC5B9C417EAE69F8C06B /* Pods_Tracker_TrackerUITests.framework */; };
/* End PBXBuildFile section */

/* Begin PBXContainerItemProxy section */
		79860B5D2AF96CE200B95344 /* PBXContainerItemProxy */ = {
			isa = PBXContainerItemProxy;
			containerPortal = 79860B3E2AF96CE000B95344 /* Project object */;
			proxyType = 1;
			remoteGlobalIDString = 79860B452AF96CE000B95344;
			remoteInfo = Tracker;
		};
		79860B672AF96CE200B95344 /* PBXContainerItemProxy */ = {
			isa = PBXContainerItemProxy;
			containerPortal = 79860B3E2AF96CE000B95344 /* Project object */;
			proxyType = 1;
			remoteGlobalIDString = 79860B452AF96CE000B95344;
			remoteInfo = Tracker;
		};
/* End PBXContainerItemProxy section */

/* Begin PBXFileReference section */
		027FF73C85D49FFE1C76D1C0 /* Pods_Tracker.framework */ = {isa = PBXFileReference; explicitFileType = wrapper.framework; includeInIndex = 0; path = Pods_Tracker.framework; sourceTree = BUILT_PRODUCTS_DIR; };
		08AA5AB998CEF665667323A3 /* Pods-TrackerTests.release.xcconfig */ = {isa = PBXFileReference; includeInIndex = 1; lastKnownFileType = text.xcconfig; name = "Pods-TrackerTests.release.xcconfig"; path = "Target Support Files/Pods-TrackerTests/Pods-TrackerTests.release.xcconfig"; sourceTree = "<group>"; };
		1C12B78A81F62FBBD8B0A967 /* Pods-Tracker-TrackerUITests.debug.xcconfig */ = {isa = PBXFileReference; includeInIndex = 1; lastKnownFileType = text.xcconfig; name = "Pods-Tracker-TrackerUITests.debug.xcconfig"; path = "Target Support Files/Pods-Tracker-TrackerUITests/Pods-Tracker-TrackerUITests.debug.xcconfig"; sourceTree = "<group>"; };
		40AEAC5B9C417EAE69F8C06B /* Pods_Tracker_TrackerUITests.framework */ = {isa = PBXFileReference; explicitFileType = wrapper.framework; includeInIndex = 0; path = Pods_Tracker_TrackerUITests.framework; sourceTree = BUILT_PRODUCTS_DIR; };
		4CE116944E61CF5CC0601071 /* Pods-Tracker.release.xcconfig */ = {isa = PBXFileReference; includeInIndex = 1; lastKnownFileType = text.xcconfig; name = "Pods-Tracker.release.xcconfig"; path = "Target Support Files/Pods-Tracker/Pods-Tracker.release.xcconfig"; sourceTree = "<group>"; };
		790B25892B5C14DA003BB290 /* PadingTextField.swift */ = {isa = PBXFileReference; lastKnownFileType = sourcecode.swift; path = PadingTextField.swift; sourceTree = "<group>"; };
		790B258F2B5C261B003BB290 /* ButtonsCell.swift */ = {isa = PBXFileReference; lastKnownFileType = sourcecode.swift; path = ButtonsCell.swift; sourceTree = "<group>"; };
		790B25912B5C264E003BB290 /* ColorCell.swift */ = {isa = PBXFileReference; lastKnownFileType = sourcecode.swift; path = ColorCell.swift; sourceTree = "<group>"; };
		790B25932B5C267F003BB290 /* EmojiCell.swift */ = {isa = PBXFileReference; lastKnownFileType = sourcecode.swift; path = EmojiCell.swift; sourceTree = "<group>"; };
		790B25962B5C26DC003BB290 /* PropertiesCell.swift */ = {isa = PBXFileReference; lastKnownFileType = sourcecode.swift; path = PropertiesCell.swift; sourceTree = "<group>"; };
		790B25982B5C3A79003BB290 /* NameCell.swift */ = {isa = PBXFileReference; lastKnownFileType = sourcecode.swift; path = NameCell.swift; sourceTree = "<group>"; };
		790B259A2B5C4DBC003BB290 /* SectionHeaderView.swift */ = {isa = PBXFileReference; lastKnownFileType = sourcecode.swift; path = SectionHeaderView.swift; sourceTree = "<group>"; };
		790B259D2B5D2179003BB290 /* EmptyListView.swift */ = {isa = PBXFileReference; lastKnownFileType = sourcecode.swift; path = EmptyListView.swift; sourceTree = "<group>"; };
		790B259F2B5D21A1003BB290 /* TrackerListView.swift */ = {isa = PBXFileReference; lastKnownFileType = sourcecode.swift; path = TrackerListView.swift; sourceTree = "<group>"; };
		790B25A42B5D95A3003BB290 /* TrackerStore.swift */ = {isa = PBXFileReference; lastKnownFileType = sourcecode.swift; path = TrackerStore.swift; sourceTree = "<group>"; };
		790B25A62B5DC2A4003BB290 /* TrackerListCell.swift */ = {isa = PBXFileReference; lastKnownFileType = sourcecode.swift; path = TrackerListCell.swift; sourceTree = "<group>"; };
		790B25A82B6549C2003BB290 /* TrackerListViewModel.swift */ = {isa = PBXFileReference; lastKnownFileType = sourcecode.swift; path = TrackerListViewModel.swift; sourceTree = "<group>"; };
		790B25AA2B65530F003BB290 /* EditTrackerViewModel.swift */ = {isa = PBXFileReference; lastKnownFileType = sourcecode.swift; path = EditTrackerViewModel.swift; sourceTree = "<group>"; };
		790C461A2B9C6F5600C03E1D /* Binding.swift */ = {isa = PBXFileReference; lastKnownFileType = sourcecode.swift; path = Binding.swift; sourceTree = "<group>"; };
		790C461C2B9C7C0100C03E1D /* SelectCategoryViewModel.swift */ = {isa = PBXFileReference; lastKnownFileType = sourcecode.swift; path = SelectCategoryViewModel.swift; sourceTree = "<group>"; };
		790C461E2B9C85BA00C03E1D /* OnboardingController.swift */ = {isa = PBXFileReference; lastKnownFileType = sourcecode.swift; path = OnboardingController.swift; sourceTree = "<group>"; };
		790C46202B9C85E100C03E1D /* OnboardingPageController.swift */ = {isa = PBXFileReference; lastKnownFileType = sourcecode.swift; path = OnboardingPageController.swift; sourceTree = "<group>"; };
		790C46222B9C863600C03E1D /* OnboardingPageView.swift */ = {isa = PBXFileReference; lastKnownFileType = sourcecode.swift; path = OnboardingPageView.swift; sourceTree = "<group>"; };
		790C46242B9C866000C03E1D /* OnboardingViewModel.swift */ = {isa = PBXFileReference; lastKnownFileType = sourcecode.swift; path = OnboardingViewModel.swift; sourceTree = "<group>"; };
		793889D02B52FC2100FD1F92 /* Tracker.swift */ = {isa = PBXFileReference; lastKnownFileType = sourcecode.swift; path = Tracker.swift; sourceTree = "<group>"; };
		793889D22B52FC3800FD1F92 /* TrackerType.swift */ = {isa = PBXFileReference; lastKnownFileType = sourcecode.swift; path = TrackerType.swift; sourceTree = "<group>"; };
		793889D42B52FC4800FD1F92 /* TrackerCategory.swift */ = {isa = PBXFileReference; lastKnownFileType = sourcecode.swift; path = TrackerCategory.swift; sourceTree = "<group>"; };
		793889D62B52FC6200FD1F92 /* TrackerRecord.swift */ = {isa = PBXFileReference; lastKnownFileType = sourcecode.swift; path = TrackerRecord.swift; sourceTree = "<group>"; };
		793889D82B52FC8700FD1F92 /* WeekDay.swift */ = {isa = PBXFileReference; lastKnownFileType = sourcecode.swift; path = WeekDay.swift; sourceTree = "<group>"; };
		793889E02B532EE400FD1F92 /* SelectCategoryController.swift */ = {isa = PBXFileReference; lastKnownFileType = sourcecode.swift; path = SelectCategoryController.swift; sourceTree = "<group>"; };
		793889E22B532F0300FD1F92 /* SelectScheduleController.swift */ = {isa = PBXFileReference; lastKnownFileType = sourcecode.swift; path = SelectScheduleController.swift; sourceTree = "<group>"; };
		793889E42B532F2500FD1F92 /* AddTrackerController.swift */ = {isa = PBXFileReference; lastKnownFileType = sourcecode.swift; path = AddTrackerController.swift; sourceTree = "<group>"; };
		793889E62B532F3B00FD1F92 /* EditTrackerController.swift */ = {isa = PBXFileReference; lastKnownFileType = sourcecode.swift; path = EditTrackerController.swift; sourceTree = "<group>"; };
		793889E82B532F5300FD1F92 /* CreateCategoryController.swift */ = {isa = PBXFileReference; lastKnownFileType = sourcecode.swift; path = CreateCategoryController.swift; sourceTree = "<group>"; };
		793889EA2B53309900FD1F92 /* SelectCategoryView.swift */ = {isa = PBXFileReference; lastKnownFileType = sourcecode.swift; path = SelectCategoryView.swift; sourceTree = "<group>"; };
		793889EC2B53312E00FD1F92 /* SelectScheduleView.swift */ = {isa = PBXFileReference; lastKnownFileType = sourcecode.swift; path = SelectScheduleView.swift; sourceTree = "<group>"; };
		793889EE2B53318C00FD1F92 /* AddTrackerView.swift */ = {isa = PBXFileReference; lastKnownFileType = sourcecode.swift; path = AddTrackerView.swift; sourceTree = "<group>"; };
		793889F02B5331A400FD1F92 /* EditTrackerView.swift */ = {isa = PBXFileReference; lastKnownFileType = sourcecode.swift; path = EditTrackerView.swift; sourceTree = "<group>"; };
		793889F22B5331C400FD1F92 /* CreateCategoryView.swift */ = {isa = PBXFileReference; lastKnownFileType = sourcecode.swift; path = CreateCategoryView.swift; sourceTree = "<group>"; };
		793E20E52BAF3D8D0020271D /* SelectFilterController.swift */ = {isa = PBXFileReference; lastKnownFileType = sourcecode.swift; path = SelectFilterController.swift; sourceTree = "<group>"; };
		793E20E72BAF3D900020271D /* SelectFilterView.swift */ = {isa = PBXFileReference; lastKnownFileType = sourcecode.swift; path = SelectFilterView.swift; sourceTree = "<group>"; };
		793E20E92BAF49760020271D /* TrackerFilter.swift */ = {isa = PBXFileReference; lastKnownFileType = sourcecode.swift; path = TrackerFilter.swift; sourceTree = "<group>"; };
		795912762B6E738B0080548A /* Settings.swift */ = {isa = PBXFileReference; lastKnownFileType = sourcecode.swift; path = Settings.swift; sourceTree = "<group>"; };
		7959127A2B7CA4380080548A /* TrackerCategoryStore.swift */ = {isa = PBXFileReference; lastKnownFileType = sourcecode.swift; path = TrackerCategoryStore.swift; sourceTree = "<group>"; };
		797D53592B9CB3C3001B36C7 /* OnboardingManager.swift */ = {isa = PBXFileReference; lastKnownFileType = sourcecode.swift; path = OnboardingManager.swift; sourceTree = "<group>"; };
		797D535B2B9CB9B6001B36C7 /* OnboardingStorage.swift */ = {isa = PBXFileReference; lastKnownFileType = sourcecode.swift; path = OnboardingStorage.swift; sourceTree = "<group>"; };
		797D535D2B9CB9ED001B36C7 /* Data+Extensions.swift */ = {isa = PBXFileReference; lastKnownFileType = sourcecode.swift; path = "Data+Extensions.swift"; sourceTree = "<group>"; };
		79860B462AF96CE000B95344 /* Tracker.app */ = {isa = PBXFileReference; explicitFileType = wrapper.application; includeInIndex = 0; path = Tracker.app; sourceTree = BUILT_PRODUCTS_DIR; };
		79860B492AF96CE000B95344 /* AppDelegate.swift */ = {isa = PBXFileReference; lastKnownFileType = sourcecode.swift; path = AppDelegate.swift; sourceTree = "<group>"; };
		79860B4B2AF96CE000B95344 /* SceneDelegate.swift */ = {isa = PBXFileReference; lastKnownFileType = sourcecode.swift; path = SceneDelegate.swift; sourceTree = "<group>"; };
		79860B4D2AF96CE000B95344 /* TrackerListViewController.swift */ = {isa = PBXFileReference; lastKnownFileType = sourcecode.swift; path = TrackerListViewController.swift; sourceTree = "<group>"; };
		79860B522AF96CE200B95344 /* Assets.xcassets */ = {isa = PBXFileReference; lastKnownFileType = folder.assetcatalog; path = Assets.xcassets; sourceTree = "<group>"; };
		79860B552AF96CE200B95344 /* Base */ = {isa = PBXFileReference; lastKnownFileType = file.storyboard; name = Base; path = Base.lproj/LaunchScreen.storyboard; sourceTree = "<group>"; };
		79860B572AF96CE200B95344 /* Info.plist */ = {isa = PBXFileReference; lastKnownFileType = text.plist.xml; path = Info.plist; sourceTree = "<group>"; };
		79860B5C2AF96CE200B95344 /* TrackerTests.xctest */ = {isa = PBXFileReference; explicitFileType = wrapper.cfbundle; includeInIndex = 0; path = TrackerTests.xctest; sourceTree = BUILT_PRODUCTS_DIR; };
		79860B602AF96CE200B95344 /* ScreenTests.swift */ = {isa = PBXFileReference; lastKnownFileType = sourcecode.swift; path = ScreenTests.swift; sourceTree = "<group>"; };
		79860B662AF96CE200B95344 /* TrackerUITests.xctest */ = {isa = PBXFileReference; explicitFileType = wrapper.cfbundle; includeInIndex = 0; path = TrackerUITests.xctest; sourceTree = BUILT_PRODUCTS_DIR; };
		79860B6A2AF96CE200B95344 /* TrackerUITests.swift */ = {isa = PBXFileReference; lastKnownFileType = sourcecode.swift; path = TrackerUITests.swift; sourceTree = "<group>"; };
		79860B6C2AF96CE200B95344 /* TrackerUITestsLaunchTests.swift */ = {isa = PBXFileReference; lastKnownFileType = sourcecode.swift; path = TrackerUITestsLaunchTests.swift; sourceTree = "<group>"; };
		79860B832AF975DD00B95344 /* UIView+Extensions.swift */ = {isa = PBXFileReference; fileEncoding = 4; lastKnownFileType = sourcecode.swift; path = "UIView+Extensions.swift"; sourceTree = "<group>"; };
		79860B862AF975DD00B95344 /* UIColor+Extensions.swift */ = {isa = PBXFileReference; fileEncoding = 4; lastKnownFileType = sourcecode.swift; path = "UIColor+Extensions.swift"; sourceTree = "<group>"; };
		79860BA12AF97C8600B95344 /* UIImage+Extensions.swift */ = {isa = PBXFileReference; fileEncoding = 4; lastKnownFileType = sourcecode.swift; path = "UIImage+Extensions.swift"; sourceTree = "<group>"; };
		79860BA62B00BD1700B95344 /* TabBarController.swift */ = {isa = PBXFileReference; fileEncoding = 4; lastKnownFileType = sourcecode.swift; path = TabBarController.swift; sourceTree = "<group>"; };
		79860BA82B00BE9200B95344 /* StatisticViewController.swift */ = {isa = PBXFileReference; lastKnownFileType = sourcecode.swift; path = StatisticViewController.swift; sourceTree = "<group>"; };
		799D403F2B65AC1B005B1478 /* PropertyButton.swift */ = {isa = PBXFileReference; lastKnownFileType = sourcecode.swift; path = PropertyButton.swift; sourceTree = "<group>"; };
		799D40412B6627CF005B1478 /* EditAction.swift */ = {isa = PBXFileReference; lastKnownFileType = sourcecode.swift; path = EditAction.swift; sourceTree = "<group>"; };
		799D40432B675C2A005B1478 /* CategoryWithTrackers.swift */ = {isa = PBXFileReference; lastKnownFileType = sourcecode.swift; path = CategoryWithTrackers.swift; sourceTree = "<group>"; };
		799D40452B67907C005B1478 /* AddParentDelegateProtocol.swift */ = {isa = PBXFileReference; lastKnownFileType = sourcecode.swift; path = AddParentDelegateProtocol.swift; sourceTree = "<group>"; };
		799D404A2B68128E005B1478 /* DateWoTime.swift */ = {isa = PBXFileReference; lastKnownFileType = sourcecode.swift; path = DateWoTime.swift; sourceTree = "<group>"; };
		79E9CA032B938DFB00D18198 /* Store.swift */ = {isa = PBXFileReference; lastKnownFileType = sourcecode.swift; path = Store.swift; sourceTree = "<group>"; };
		79E9CA052B94EC4A00D18198 /* StoreUpdate.swift */ = {isa = PBXFileReference; lastKnownFileType = sourcecode.swift; path = StoreUpdate.swift; sourceTree = "<group>"; };
		79F8C0902B6D33AB000E9866 /* Model.xcdatamodel */ = {isa = PBXFileReference; lastKnownFileType = wrapper.xcdatamodel; path = Model.xcdatamodel; sourceTree = "<group>"; };
		B74401E7C411B0BA04B7B4FB /* Pods-Tracker.debug.xcconfig */ = {isa = PBXFileReference; includeInIndex = 1; lastKnownFileType = text.xcconfig; name = "Pods-Tracker.debug.xcconfig"; path = "Target Support Files/Pods-Tracker/Pods-Tracker.debug.xcconfig"; sourceTree = "<group>"; };
		CF48656B8438A90AE6C9AF97 /* Pods-Tracker-TrackerUITests.release.xcconfig */ = {isa = PBXFileReference; includeInIndex = 1; lastKnownFileType = text.xcconfig; name = "Pods-Tracker-TrackerUITests.release.xcconfig"; path = "Target Support Files/Pods-Tracker-TrackerUITests/Pods-Tracker-TrackerUITests.release.xcconfig"; sourceTree = "<group>"; };
		D95ED937737C1E6E30F8CFDB /* Pods-TrackerTests.debug.xcconfig */ = {isa = PBXFileReference; includeInIndex = 1; lastKnownFileType = text.xcconfig; name = "Pods-TrackerTests.debug.xcconfig"; path = "Target Support Files/Pods-TrackerTests/Pods-TrackerTests.debug.xcconfig"; sourceTree = "<group>"; };
		E21B9E9AEB8882C8EB06C84B /* Pods_TrackerTests.framework */ = {isa = PBXFileReference; explicitFileType = wrapper.framework; includeInIndex = 0; path = Pods_TrackerTests.framework; sourceTree = BUILT_PRODUCTS_DIR; };
/* End PBXFileReference section */

/* Begin PBXFrameworksBuildPhase section */
		79860B432AF96CE000B95344 /* Frameworks */ = {
			isa = PBXFrameworksBuildPhase;
			buildActionMask = 2147483647;
			files = (
				79860BA52B00BCA600B95344 /* Swinject in Frameworks */,
				18097772B58B4B36F57B92AA /* Pods_Tracker.framework in Frameworks */,
			);
			runOnlyForDeploymentPostprocessing = 0;
		};
		79860B592AF96CE200B95344 /* Frameworks */ = {
			isa = PBXFrameworksBuildPhase;
			buildActionMask = 2147483647;
			files = (
				793E20ED2BAF771B0020271D /* InlineSnapshotTesting in Frameworks */,
				793E20EF2BAF771B0020271D /* SnapshotTesting in Frameworks */,
				A7D5716F3B29D13B92E7849D /* Pods_TrackerTests.framework in Frameworks */,
			);
			runOnlyForDeploymentPostprocessing = 0;
		};
		79860B632AF96CE200B95344 /* Frameworks */ = {
			isa = PBXFrameworksBuildPhase;
			buildActionMask = 2147483647;
			files = (
				AF160EB409439565D089E5F3 /* Pods_Tracker_TrackerUITests.framework in Frameworks */,
			);
			runOnlyForDeploymentPostprocessing = 0;
		};
/* End PBXFrameworksBuildPhase section */

/* Begin PBXGroup section */
		790B25952B5C2690003BB290 /* EditTrackerView */ = {
			isa = PBXGroup;
			children = (
				790B25AA2B65530F003BB290 /* EditTrackerViewModel.swift */,
				793889F02B5331A400FD1F92 /* EditTrackerView.swift */,
				790B25982B5C3A79003BB290 /* NameCell.swift */,
				790B25962B5C26DC003BB290 /* PropertiesCell.swift */,
				790B25932B5C267F003BB290 /* EmojiCell.swift */,
				790B25912B5C264E003BB290 /* ColorCell.swift */,
				790B258F2B5C261B003BB290 /* ButtonsCell.swift */,
				790B259A2B5C4DBC003BB290 /* SectionHeaderView.swift */,
			);
			path = EditTrackerView;
			sourceTree = "<group>";
		};
		790B259C2B5D213C003BB290 /* TrackerListView */ = {
			isa = PBXGroup;
			children = (
				790B259F2B5D21A1003BB290 /* TrackerListView.swift */,
				790B25A62B5DC2A4003BB290 /* TrackerListCell.swift */,
				790B25A82B6549C2003BB290 /* TrackerListViewModel.swift */,
			);
			path = TrackerListView;
			sourceTree = "<group>";
		};
		790B25A12B5D956E003BB290 /* Store */ = {
			isa = PBXGroup;
			children = (
				790B25A42B5D95A3003BB290 /* TrackerStore.swift */,
				7959127A2B7CA4380080548A /* TrackerCategoryStore.swift */,
				79E9CA032B938DFB00D18198 /* Store.swift */,
				79E9CA052B94EC4A00D18198 /* StoreUpdate.swift */,
				797D535B2B9CB9B6001B36C7 /* OnboardingStorage.swift */,
			);
			path = Store;
			sourceTree = "<group>";
		};
		793889CF2B52FBF700FD1F92 /* Entities */ = {
			isa = PBXGroup;
			children = (
				793889D02B52FC2100FD1F92 /* Tracker.swift */,
				793889D22B52FC3800FD1F92 /* TrackerType.swift */,
				793889D42B52FC4800FD1F92 /* TrackerCategory.swift */,
				793889D62B52FC6200FD1F92 /* TrackerRecord.swift */,
				793889D82B52FC8700FD1F92 /* WeekDay.swift */,
				799D40412B6627CF005B1478 /* EditAction.swift */,
				799D40432B675C2A005B1478 /* CategoryWithTrackers.swift */,
				793E20E92BAF49760020271D /* TrackerFilter.swift */,
			);
			path = Entities;
			sourceTree = "<group>";
		};
		793889DA2B532DAF00FD1F92 /* Presentation */ = {
			isa = PBXGroup;
			children = (
				793889DF2B532EB500FD1F92 /* Selection */,
				793889DE2B532E6000FD1F92 /* Onboarding */,
				793889DD2B532E4000FD1F92 /* Creation */,
				793889DC2B532E1300FD1F92 /* Main */,
				793889DB2B532E0500FD1F92 /* Statistic */,
			);
			path = Presentation;
			sourceTree = "<group>";
		};
		793889DB2B532E0500FD1F92 /* Statistic */ = {
			isa = PBXGroup;
			children = (
				79860BA82B00BE9200B95344 /* StatisticViewController.swift */,
			);
			path = Statistic;
			sourceTree = "<group>";
		};
		793889DC2B532E1300FD1F92 /* Main */ = {
			isa = PBXGroup;
			children = (
				79860BA62B00BD1700B95344 /* TabBarController.swift */,
				79860B4D2AF96CE000B95344 /* TrackerListViewController.swift */,
				790B259C2B5D213C003BB290 /* TrackerListView */,
			);
			path = Main;
			sourceTree = "<group>";
		};
		793889DD2B532E4000FD1F92 /* Creation */ = {
			isa = PBXGroup;
			children = (
				799D40452B67907C005B1478 /* AddParentDelegateProtocol.swift */,
				793889E42B532F2500FD1F92 /* AddTrackerController.swift */,
				793889EE2B53318C00FD1F92 /* AddTrackerView.swift */,
				793889E62B532F3B00FD1F92 /* EditTrackerController.swift */,
				790B25952B5C2690003BB290 /* EditTrackerView */,
				793889E82B532F5300FD1F92 /* CreateCategoryController.swift */,
				793889F22B5331C400FD1F92 /* CreateCategoryView.swift */,
			);
			path = Creation;
			sourceTree = "<group>";
		};
		793889DE2B532E6000FD1F92 /* Onboarding */ = {
			isa = PBXGroup;
			children = (
				797D53592B9CB3C3001B36C7 /* OnboardingManager.swift */,
				790C461E2B9C85BA00C03E1D /* OnboardingController.swift */,
				790C46202B9C85E100C03E1D /* OnboardingPageController.swift */,
				790C46222B9C863600C03E1D /* OnboardingPageView.swift */,
				790C46242B9C866000C03E1D /* OnboardingViewModel.swift */,
			);
			path = Onboarding;
			sourceTree = "<group>";
		};
		793889DF2B532EB500FD1F92 /* Selection */ = {
			isa = PBXGroup;
			children = (
				793889E02B532EE400FD1F92 /* SelectCategoryController.swift */,
				793889EA2B53309900FD1F92 /* SelectCategoryView.swift */,
				790C461C2B9C7C0100C03E1D /* SelectCategoryViewModel.swift */,
				793889E22B532F0300FD1F92 /* SelectScheduleController.swift */,
				793889EC2B53312E00FD1F92 /* SelectScheduleView.swift */,
				793E20E52BAF3D8D0020271D /* SelectFilterController.swift */,
				793E20E72BAF3D900020271D /* SelectFilterView.swift */,
			);
			path = Selection;
			sourceTree = "<group>";
		};
		79860B3D2AF96CE000B95344 = {
			isa = PBXGroup;
			children = (
				79860B482AF96CE000B95344 /* Tracker */,
				79860B5F2AF96CE200B95344 /* TrackerTests */,
				79860B692AF96CE200B95344 /* TrackerUITests */,
				79860B472AF96CE000B95344 /* Products */,
				E59D068BFB97E8E6A21F5A65 /* Pods */,
				B614FB1D1819A43AA9E56D59 /* Frameworks */,
			);
			sourceTree = "<group>";
		};
		79860B472AF96CE000B95344 /* Products */ = {
			isa = PBXGroup;
			children = (
				79860B462AF96CE000B95344 /* Tracker.app */,
				79860B5C2AF96CE200B95344 /* TrackerTests.xctest */,
				79860B662AF96CE200B95344 /* TrackerUITests.xctest */,
			);
			name = Products;
			sourceTree = "<group>";
		};
		79860B482AF96CE000B95344 /* Tracker */ = {
			isa = PBXGroup;
			children = (
				799D403E2B65ABEE005B1478 /* UIComponents */,
				790B25A12B5D956E003BB290 /* Store */,
				793889DA2B532DAF00FD1F92 /* Presentation */,
				793889CF2B52FBF700FD1F92 /* Entities */,
				79860B822AF975DD00B95344 /* Helpers */,
				79860B792AF96EA100B95344 /* Resources */,
				79860B492AF96CE000B95344 /* AppDelegate.swift */,
				79860B4B2AF96CE000B95344 /* SceneDelegate.swift */,
				795912762B6E738B0080548A /* Settings.swift */,
				79F8C08F2B6D33AB000E9866 /* Library.xcdatamodeld */,
			);
			path = Tracker;
			sourceTree = "<group>";
		};
		79860B5F2AF96CE200B95344 /* TrackerTests */ = {
			isa = PBXGroup;
			children = (
				79860B602AF96CE200B95344 /* ScreenTests.swift */,
			);
			path = TrackerTests;
			sourceTree = "<group>";
		};
		79860B692AF96CE200B95344 /* TrackerUITests */ = {
			isa = PBXGroup;
			children = (
				79860B6A2AF96CE200B95344 /* TrackerUITests.swift */,
				79860B6C2AF96CE200B95344 /* TrackerUITestsLaunchTests.swift */,
			);
			path = TrackerUITests;
			sourceTree = "<group>";
		};
		79860B792AF96EA100B95344 /* Resources */ = {
			isa = PBXGroup;
			children = (
				79860B522AF96CE200B95344 /* Assets.xcassets */,
				79860B542AF96CE200B95344 /* LaunchScreen.storyboard */,
				79860B572AF96CE200B95344 /* Info.plist */,
			);
			path = Resources;
			sourceTree = "<group>";
		};
		79860B822AF975DD00B95344 /* Helpers */ = {
			isa = PBXGroup;
			children = (
				797D535D2B9CB9ED001B36C7 /* Data+Extensions.swift */,
				79860B832AF975DD00B95344 /* UIView+Extensions.swift */,
				79860B862AF975DD00B95344 /* UIColor+Extensions.swift */,
				79860BA12AF97C8600B95344 /* UIImage+Extensions.swift */,
				799D404A2B68128E005B1478 /* DateWoTime.swift */,
				790C461A2B9C6F5600C03E1D /* Binding.swift */,
			);
			path = Helpers;
			sourceTree = "<group>";
		};
		799D403E2B65ABEE005B1478 /* UIComponents */ = {
			isa = PBXGroup;
			children = (
				790B259D2B5D2179003BB290 /* EmptyListView.swift */,
				790B25892B5C14DA003BB290 /* PadingTextField.swift */,
				799D403F2B65AC1B005B1478 /* PropertyButton.swift */,
			);
			path = UIComponents;
			sourceTree = "<group>";
		};
		B614FB1D1819A43AA9E56D59 /* Frameworks */ = {
			isa = PBXGroup;
			children = (
				027FF73C85D49FFE1C76D1C0 /* Pods_Tracker.framework */,
				40AEAC5B9C417EAE69F8C06B /* Pods_Tracker_TrackerUITests.framework */,
				E21B9E9AEB8882C8EB06C84B /* Pods_TrackerTests.framework */,
			);
			name = Frameworks;
			sourceTree = "<group>";
		};
		E59D068BFB97E8E6A21F5A65 /* Pods */ = {
			isa = PBXGroup;
			children = (
				B74401E7C411B0BA04B7B4FB /* Pods-Tracker.debug.xcconfig */,
				4CE116944E61CF5CC0601071 /* Pods-Tracker.release.xcconfig */,
				1C12B78A81F62FBBD8B0A967 /* Pods-Tracker-TrackerUITests.debug.xcconfig */,
				CF48656B8438A90AE6C9AF97 /* Pods-Tracker-TrackerUITests.release.xcconfig */,
				D95ED937737C1E6E30F8CFDB /* Pods-TrackerTests.debug.xcconfig */,
				08AA5AB998CEF665667323A3 /* Pods-TrackerTests.release.xcconfig */,
			);
			name = Pods;
			path = Pods;
			sourceTree = "<group>";
		};
/* End PBXGroup section */

/* Begin PBXNativeTarget section */
		79860B452AF96CE000B95344 /* Tracker */ = {
			isa = PBXNativeTarget;
			buildConfigurationList = 79860B702AF96CE200B95344 /* Build configuration list for PBXNativeTarget "Tracker" */;
			buildPhases = (
				0B87F7BBDE519C6161D3A7B8 /* [CP] Check Pods Manifest.lock */,
				799D40472B67C21D005B1478 /* Linter */,
				79860B422AF96CE000B95344 /* Sources */,
				79860B432AF96CE000B95344 /* Frameworks */,
				79860B442AF96CE000B95344 /* Resources */,
				74430D58E1D567D0EABEA9DC /* [CP] Embed Pods Frameworks */,
			);
			buildRules = (
			);
			dependencies = (
			);
			name = Tracker;
			packageProductDependencies = (
				79860BA42B00BCA600B95344 /* Swinject */,
			);
			productName = Tracker;
			productReference = 79860B462AF96CE000B95344 /* Tracker.app */;
			productType = "com.apple.product-type.application";
		};
		79860B5B2AF96CE200B95344 /* TrackerTests */ = {
			isa = PBXNativeTarget;
			buildConfigurationList = 79860B732AF96CE200B95344 /* Build configuration list for PBXNativeTarget "TrackerTests" */;
			buildPhases = (
				FA2F92EF287485358E2D2F1A /* [CP] Check Pods Manifest.lock */,
				79860B582AF96CE200B95344 /* Sources */,
				79860B592AF96CE200B95344 /* Frameworks */,
				79860B5A2AF96CE200B95344 /* Resources */,
			);
			buildRules = (
			);
			dependencies = (
				79860B5E2AF96CE200B95344 /* PBXTargetDependency */,
			);
			name = TrackerTests;
			packageProductDependencies = (
				793E20EC2BAF771B0020271D /* InlineSnapshotTesting */,
				793E20EE2BAF771B0020271D /* SnapshotTesting */,
			);
			productName = TrackerTests;
			productReference = 79860B5C2AF96CE200B95344 /* TrackerTests.xctest */;
			productType = "com.apple.product-type.bundle.unit-test";
		};
		79860B652AF96CE200B95344 /* TrackerUITests */ = {
			isa = PBXNativeTarget;
			buildConfigurationList = 79860B762AF96CE200B95344 /* Build configuration list for PBXNativeTarget "TrackerUITests" */;
			buildPhases = (
				21FE016795BBE1BF1E791B61 /* [CP] Check Pods Manifest.lock */,
				79860B622AF96CE200B95344 /* Sources */,
				79860B632AF96CE200B95344 /* Frameworks */,
				79860B642AF96CE200B95344 /* Resources */,
				550DF8C10537B0A52B8AB3AB /* [CP] Embed Pods Frameworks */,
			);
			buildRules = (
			);
			dependencies = (
				79860B682AF96CE200B95344 /* PBXTargetDependency */,
			);
			name = TrackerUITests;
			productName = TrackerUITests;
			productReference = 79860B662AF96CE200B95344 /* TrackerUITests.xctest */;
			productType = "com.apple.product-type.bundle.ui-testing";
		};
/* End PBXNativeTarget section */

/* Begin PBXProject section */
		79860B3E2AF96CE000B95344 /* Project object */ = {
			isa = PBXProject;
			attributes = {
				BuildIndependentTargetsInParallel = 1;
				LastSwiftUpdateCheck = 1430;
				LastUpgradeCheck = 1520;
				TargetAttributes = {
					79860B452AF96CE000B95344 = {
						CreatedOnToolsVersion = 14.3.1;
					};
					79860B5B2AF96CE200B95344 = {
						CreatedOnToolsVersion = 14.3.1;
						TestTargetID = 79860B452AF96CE000B95344;
					};
					79860B652AF96CE200B95344 = {
						CreatedOnToolsVersion = 14.3.1;
						TestTargetID = 79860B452AF96CE000B95344;
					};
				};
			};
			buildConfigurationList = 79860B412AF96CE000B95344 /* Build configuration list for PBXProject "Tracker" */;
			compatibilityVersion = "Xcode 14.0";
			developmentRegion = en;
			hasScannedForEncodings = 0;
			knownRegions = (
				en,
				Base,
			);
			mainGroup = 79860B3D2AF96CE000B95344;
			packageReferences = (
				79860BA32B00BCA600B95344 /* XCRemoteSwiftPackageReference "Swinject" */,
				793E20EB2BAF771B0020271D /* XCRemoteSwiftPackageReference "swift-snapshot-testing" */,
			);
			productRefGroup = 79860B472AF96CE000B95344 /* Products */;
			projectDirPath = "";
			projectRoot = "";
			targets = (
				79860B452AF96CE000B95344 /* Tracker */,
				79860B5B2AF96CE200B95344 /* TrackerTests */,
				79860B652AF96CE200B95344 /* TrackerUITests */,
			);
		};
/* End PBXProject section */

/* Begin PBXResourcesBuildPhase section */
		79860B442AF96CE000B95344 /* Resources */ = {
			isa = PBXResourcesBuildPhase;
			buildActionMask = 2147483647;
			files = (
				79860B562AF96CE200B95344 /* LaunchScreen.storyboard in Resources */,
				79860B532AF96CE200B95344 /* Assets.xcassets in Resources */,
			);
			runOnlyForDeploymentPostprocessing = 0;
		};
		79860B5A2AF96CE200B95344 /* Resources */ = {
			isa = PBXResourcesBuildPhase;
			buildActionMask = 2147483647;
			files = (
			);
			runOnlyForDeploymentPostprocessing = 0;
		};
		79860B642AF96CE200B95344 /* Resources */ = {
			isa = PBXResourcesBuildPhase;
			buildActionMask = 2147483647;
			files = (
			);
			runOnlyForDeploymentPostprocessing = 0;
		};
/* End PBXResourcesBuildPhase section */

/* Begin PBXShellScriptBuildPhase section */
		0B87F7BBDE519C6161D3A7B8 /* [CP] Check Pods Manifest.lock */ = {
			isa = PBXShellScriptBuildPhase;
			buildActionMask = 2147483647;
			files = (
			);
			inputFileListPaths = (
			);
			inputPaths = (
				"${PODS_PODFILE_DIR_PATH}/Podfile.lock",
				"${PODS_ROOT}/Manifest.lock",
			);
			name = "[CP] Check Pods Manifest.lock";
			outputFileListPaths = (
			);
			outputPaths = (
				"$(DERIVED_FILE_DIR)/Pods-Tracker-checkManifestLockResult.txt",
			);
			runOnlyForDeploymentPostprocessing = 0;
			shellPath = /bin/sh;
			shellScript = "diff \"${PODS_PODFILE_DIR_PATH}/Podfile.lock\" \"${PODS_ROOT}/Manifest.lock\" > /dev/null\nif [ $? != 0 ] ; then\n    # print error to STDERR\n    echo \"error: The sandbox is not in sync with the Podfile.lock. Run 'pod install' or update your CocoaPods installation.\" >&2\n    exit 1\nfi\n# This output is used by Xcode 'outputs' to avoid re-running this script phase.\necho \"SUCCESS\" > \"${SCRIPT_OUTPUT_FILE_0}\"\n";
			showEnvVarsInLog = 0;
		};
		21FE016795BBE1BF1E791B61 /* [CP] Check Pods Manifest.lock */ = {
			isa = PBXShellScriptBuildPhase;
			buildActionMask = 2147483647;
			files = (
			);
			inputFileListPaths = (
			);
			inputPaths = (
				"${PODS_PODFILE_DIR_PATH}/Podfile.lock",
				"${PODS_ROOT}/Manifest.lock",
			);
			name = "[CP] Check Pods Manifest.lock";
			outputFileListPaths = (
			);
			outputPaths = (
				"$(DERIVED_FILE_DIR)/Pods-Tracker-TrackerUITests-checkManifestLockResult.txt",
			);
			runOnlyForDeploymentPostprocessing = 0;
			shellPath = /bin/sh;
			shellScript = "diff \"${PODS_PODFILE_DIR_PATH}/Podfile.lock\" \"${PODS_ROOT}/Manifest.lock\" > /dev/null\nif [ $? != 0 ] ; then\n    # print error to STDERR\n    echo \"error: The sandbox is not in sync with the Podfile.lock. Run 'pod install' or update your CocoaPods installation.\" >&2\n    exit 1\nfi\n# This output is used by Xcode 'outputs' to avoid re-running this script phase.\necho \"SUCCESS\" > \"${SCRIPT_OUTPUT_FILE_0}\"\n";
			showEnvVarsInLog = 0;
		};
		550DF8C10537B0A52B8AB3AB /* [CP] Embed Pods Frameworks */ = {
			isa = PBXShellScriptBuildPhase;
			buildActionMask = 2147483647;
			files = (
			);
			inputFileListPaths = (
				"${PODS_ROOT}/Target Support Files/Pods-Tracker-TrackerUITests/Pods-Tracker-TrackerUITests-frameworks-${CONFIGURATION}-input-files.xcfilelist",
			);
			name = "[CP] Embed Pods Frameworks";
			outputFileListPaths = (
				"${PODS_ROOT}/Target Support Files/Pods-Tracker-TrackerUITests/Pods-Tracker-TrackerUITests-frameworks-${CONFIGURATION}-output-files.xcfilelist",
			);
			runOnlyForDeploymentPostprocessing = 0;
			shellPath = /bin/sh;
			shellScript = "\"${PODS_ROOT}/Target Support Files/Pods-Tracker-TrackerUITests/Pods-Tracker-TrackerUITests-frameworks.sh\"\n";
			showEnvVarsInLog = 0;
		};
		74430D58E1D567D0EABEA9DC /* [CP] Embed Pods Frameworks */ = {
			isa = PBXShellScriptBuildPhase;
			buildActionMask = 2147483647;
			files = (
			);
			inputFileListPaths = (
				"${PODS_ROOT}/Target Support Files/Pods-Tracker/Pods-Tracker-frameworks-${CONFIGURATION}-input-files.xcfilelist",
			);
			name = "[CP] Embed Pods Frameworks";
			outputFileListPaths = (
				"${PODS_ROOT}/Target Support Files/Pods-Tracker/Pods-Tracker-frameworks-${CONFIGURATION}-output-files.xcfilelist",
			);
			runOnlyForDeploymentPostprocessing = 0;
			shellPath = /bin/sh;
			shellScript = "\"${PODS_ROOT}/Target Support Files/Pods-Tracker/Pods-Tracker-frameworks.sh\"\n";
			showEnvVarsInLog = 0;
		};
		799D40472B67C21D005B1478 /* Linter */ = {
			isa = PBXShellScriptBuildPhase;
			alwaysOutOfDate = 1;
			buildActionMask = 2147483647;
			files = (
			);
			inputFileListPaths = (
			);
			inputPaths = (
			);
			name = Linter;
			outputFileListPaths = (
			);
			outputPaths = (
			);
			runOnlyForDeploymentPostprocessing = 0;
			shellPath = /bin/sh;
			shellScript = "# Type a script or drag a script file from your workspace to insert its path.\nif [[ \"$(uname -m)\" == arm64 ]]; then\n    export PATH=\"/opt/homebrew/bin:$PATH\"\nfi\n\nif which swiftlint > /dev/null; then\n  swiftlint --fix && swiftlint\nelse\n  echo \"warning: SwiftLint not installed, download from https://github.com/realm/SwiftLint\"\nfi\n";
			showEnvVarsInLog = 0;
		};
		FA2F92EF287485358E2D2F1A /* [CP] Check Pods Manifest.lock */ = {
			isa = PBXShellScriptBuildPhase;
			buildActionMask = 2147483647;
			files = (
			);
			inputFileListPaths = (
			);
			inputPaths = (
				"${PODS_PODFILE_DIR_PATH}/Podfile.lock",
				"${PODS_ROOT}/Manifest.lock",
			);
			name = "[CP] Check Pods Manifest.lock";
			outputFileListPaths = (
			);
			outputPaths = (
				"$(DERIVED_FILE_DIR)/Pods-TrackerTests-checkManifestLockResult.txt",
			);
			runOnlyForDeploymentPostprocessing = 0;
			shellPath = /bin/sh;
			shellScript = "diff \"${PODS_PODFILE_DIR_PATH}/Podfile.lock\" \"${PODS_ROOT}/Manifest.lock\" > /dev/null\nif [ $? != 0 ] ; then\n    # print error to STDERR\n    echo \"error: The sandbox is not in sync with the Podfile.lock. Run 'pod install' or update your CocoaPods installation.\" >&2\n    exit 1\nfi\n# This output is used by Xcode 'outputs' to avoid re-running this script phase.\necho \"SUCCESS\" > \"${SCRIPT_OUTPUT_FILE_0}\"\n";
			showEnvVarsInLog = 0;
		};
/* End PBXShellScriptBuildPhase section */

/* Begin PBXSourcesBuildPhase section */
		79860B422AF96CE000B95344 /* Sources */ = {
			isa = PBXSourcesBuildPhase;
			buildActionMask = 2147483647;
			files = (
				793889F32B5331C400FD1F92 /* CreateCategoryView.swift in Sources */,
				793889D92B52FC8700FD1F92 /* WeekDay.swift in Sources */,
				790C461D2B9C7C0100C03E1D /* SelectCategoryViewModel.swift in Sources */,
				790C461F2B9C85BA00C03E1D /* OnboardingController.swift in Sources */,
				793889D72B52FC6200FD1F92 /* TrackerRecord.swift in Sources */,
				790B258A2B5C14DA003BB290 /* PadingTextField.swift in Sources */,
				79E9CA062B94EC4A00D18198 /* StoreUpdate.swift in Sources */,
				79860B4E2AF96CE000B95344 /* TrackerListViewController.swift in Sources */,
				79E9CA042B938DFC00D18198 /* Store.swift in Sources */,
				790C46232B9C863600C03E1D /* OnboardingPageView.swift in Sources */,
				793889D32B52FC3800FD1F92 /* TrackerType.swift in Sources */,
				799D40462B67907C005B1478 /* AddParentDelegateProtocol.swift in Sources */,
				79860BA72B00BD1700B95344 /* TabBarController.swift in Sources */,
				797D535A2B9CB3C3001B36C7 /* OnboardingManager.swift in Sources */,
				793889ED2B53312E00FD1F92 /* SelectScheduleView.swift in Sources */,
				79F8C0912B6D33AB000E9866 /* Library.xcdatamodeld in Sources */,
				793889D12B52FC2100FD1F92 /* Tracker.swift in Sources */,
				793E20E82BAF3D900020271D /* SelectFilterView.swift in Sources */,
				790B25A52B5D95A3003BB290 /* TrackerStore.swift in Sources */,
				790B25992B5C3A79003BB290 /* NameCell.swift in Sources */,
				797D535E2B9CB9ED001B36C7 /* Data+Extensions.swift in Sources */,
				79860B982AF975DD00B95344 /* UIColor+Extensions.swift in Sources */,
				790C46252B9C866000C03E1D /* OnboardingViewModel.swift in Sources */,
				790B25AB2B65530F003BB290 /* EditTrackerViewModel.swift in Sources */,
				79860B952AF975DD00B95344 /* UIView+Extensions.swift in Sources */,
				793889EB2B53309900FD1F92 /* SelectCategoryView.swift in Sources */,
				793889E72B532F3B00FD1F92 /* EditTrackerController.swift in Sources */,
				797D535C2B9CB9B6001B36C7 /* OnboardingStorage.swift in Sources */,
				790B259E2B5D2179003BB290 /* EmptyListView.swift in Sources */,
				790B25A72B5DC2A4003BB290 /* TrackerListCell.swift in Sources */,
				793889EF2B53318C00FD1F92 /* AddTrackerView.swift in Sources */,
				793889D52B52FC4800FD1F92 /* TrackerCategory.swift in Sources */,
				795912772B6E738B0080548A /* Settings.swift in Sources */,
				793889E12B532EE400FD1F92 /* SelectCategoryController.swift in Sources */,
				7959127B2B7CA4380080548A /* TrackerCategoryStore.swift in Sources */,
				793889E32B532F0300FD1F92 /* SelectScheduleController.swift in Sources */,
				793E20EA2BAF49760020271D /* TrackerFilter.swift in Sources */,
				793E20E62BAF3D8D0020271D /* SelectFilterController.swift in Sources */,
				799D40402B65AC1B005B1478 /* PropertyButton.swift in Sources */,
				790C461B2B9C6F5600C03E1D /* Binding.swift in Sources */,
				799D404B2B68128E005B1478 /* DateWoTime.swift in Sources */,
				790B25902B5C261B003BB290 /* ButtonsCell.swift in Sources */,
				793889F12B5331A400FD1F92 /* EditTrackerView.swift in Sources */,
				790B25A02B5D21A1003BB290 /* TrackerListView.swift in Sources */,
				799D40442B675C2A005B1478 /* CategoryWithTrackers.swift in Sources */,
				790B259B2B5C4DBC003BB290 /* SectionHeaderView.swift in Sources */,
				790B25A92B6549C2003BB290 /* TrackerListViewModel.swift in Sources */,
				790B25922B5C264E003BB290 /* ColorCell.swift in Sources */,
				79860BA92B00BE9200B95344 /* StatisticViewController.swift in Sources */,
				790C46212B9C85E100C03E1D /* OnboardingPageController.swift in Sources */,
				79860BA22AF97C8600B95344 /* UIImage+Extensions.swift in Sources */,
				79860B4A2AF96CE000B95344 /* AppDelegate.swift in Sources */,
				799D40422B6627CF005B1478 /* EditAction.swift in Sources */,
				790B25942B5C267F003BB290 /* EmojiCell.swift in Sources */,
				79860B4C2AF96CE000B95344 /* SceneDelegate.swift in Sources */,
				793889E52B532F2500FD1F92 /* AddTrackerController.swift in Sources */,
				793889E92B532F5300FD1F92 /* CreateCategoryController.swift in Sources */,
				790B25972B5C26DC003BB290 /* PropertiesCell.swift in Sources */,
			);
			runOnlyForDeploymentPostprocessing = 0;
		};
		79860B582AF96CE200B95344 /* Sources */ = {
			isa = PBXSourcesBuildPhase;
			buildActionMask = 2147483647;
			files = (
				79860B612AF96CE200B95344 /* ScreenTests.swift in Sources */,
			);
			runOnlyForDeploymentPostprocessing = 0;
		};
		79860B622AF96CE200B95344 /* Sources */ = {
			isa = PBXSourcesBuildPhase;
			buildActionMask = 2147483647;
			files = (
				79860B6B2AF96CE200B95344 /* TrackerUITests.swift in Sources */,
				79860B6D2AF96CE200B95344 /* TrackerUITestsLaunchTests.swift in Sources */,
			);
			runOnlyForDeploymentPostprocessing = 0;
		};
/* End PBXSourcesBuildPhase section */

/* Begin PBXTargetDependency section */
		79860B5E2AF96CE200B95344 /* PBXTargetDependency */ = {
			isa = PBXTargetDependency;
			target = 79860B452AF96CE000B95344 /* Tracker */;
			targetProxy = 79860B5D2AF96CE200B95344 /* PBXContainerItemProxy */;
		};
		79860B682AF96CE200B95344 /* PBXTargetDependency */ = {
			isa = PBXTargetDependency;
			target = 79860B452AF96CE000B95344 /* Tracker */;
			targetProxy = 79860B672AF96CE200B95344 /* PBXContainerItemProxy */;
		};
/* End PBXTargetDependency section */

/* Begin PBXVariantGroup section */
		79860B542AF96CE200B95344 /* LaunchScreen.storyboard */ = {
			isa = PBXVariantGroup;
			children = (
				79860B552AF96CE200B95344 /* Base */,
			);
			name = LaunchScreen.storyboard;
			sourceTree = "<group>";
		};
/* End PBXVariantGroup section */

/* Begin XCBuildConfiguration section */
		79860B6E2AF96CE200B95344 /* Debug */ = {
			isa = XCBuildConfiguration;
			buildSettings = {
				ALWAYS_SEARCH_USER_PATHS = NO;
				CLANG_ANALYZER_NONNULL = YES;
				CLANG_ANALYZER_NUMBER_OBJECT_CONVERSION = YES_AGGRESSIVE;
				CLANG_CXX_LANGUAGE_STANDARD = "gnu++20";
				CLANG_ENABLE_MODULES = YES;
				CLANG_ENABLE_OBJC_ARC = YES;
				CLANG_ENABLE_OBJC_WEAK = YES;
				CLANG_WARN_BLOCK_CAPTURE_AUTORELEASING = YES;
				CLANG_WARN_BOOL_CONVERSION = YES;
				CLANG_WARN_COMMA = YES;
				CLANG_WARN_CONSTANT_CONVERSION = YES;
				CLANG_WARN_DEPRECATED_OBJC_IMPLEMENTATIONS = YES;
				CLANG_WARN_DIRECT_OBJC_ISA_USAGE = YES_ERROR;
				CLANG_WARN_DOCUMENTATION_COMMENTS = YES;
				CLANG_WARN_EMPTY_BODY = YES;
				CLANG_WARN_ENUM_CONVERSION = YES;
				CLANG_WARN_INFINITE_RECURSION = YES;
				CLANG_WARN_INT_CONVERSION = YES;
				CLANG_WARN_NON_LITERAL_NULL_CONVERSION = YES;
				CLANG_WARN_OBJC_IMPLICIT_RETAIN_SELF = YES;
				CLANG_WARN_OBJC_LITERAL_CONVERSION = YES;
				CLANG_WARN_OBJC_ROOT_CLASS = YES_ERROR;
				CLANG_WARN_QUOTED_INCLUDE_IN_FRAMEWORK_HEADER = YES;
				CLANG_WARN_RANGE_LOOP_ANALYSIS = YES;
				CLANG_WARN_STRICT_PROTOTYPES = YES;
				CLANG_WARN_SUSPICIOUS_MOVE = YES;
				CLANG_WARN_UNGUARDED_AVAILABILITY = YES_AGGRESSIVE;
				CLANG_WARN_UNREACHABLE_CODE = YES;
				CLANG_WARN__DUPLICATE_METHOD_MATCH = YES;
				COPY_PHASE_STRIP = NO;
				DEBUG_INFORMATION_FORMAT = dwarf;
				ENABLE_STRICT_OBJC_MSGSEND = YES;
				ENABLE_TESTABILITY = YES;
				ENABLE_USER_SCRIPT_SANDBOXING = NO;
				GCC_C_LANGUAGE_STANDARD = gnu11;
				GCC_DYNAMIC_NO_PIC = NO;
				GCC_NO_COMMON_BLOCKS = YES;
				GCC_OPTIMIZATION_LEVEL = 0;
				GCC_PREPROCESSOR_DEFINITIONS = (
					"DEBUG=1",
					"$(inherited)",
				);
				GCC_WARN_64_TO_32_BIT_CONVERSION = YES;
				GCC_WARN_ABOUT_RETURN_TYPE = YES_ERROR;
				GCC_WARN_UNDECLARED_SELECTOR = YES;
				GCC_WARN_UNINITIALIZED_AUTOS = YES_AGGRESSIVE;
				GCC_WARN_UNUSED_FUNCTION = YES;
				GCC_WARN_UNUSED_VARIABLE = YES;
				IPHONEOS_DEPLOYMENT_TARGET = 16.4;
				MTL_ENABLE_DEBUG_INFO = INCLUDE_SOURCE;
				MTL_FAST_MATH = YES;
				ONLY_ACTIVE_ARCH = YES;
				SDKROOT = iphoneos;
				SWIFT_ACTIVE_COMPILATION_CONDITIONS = DEBUG;
				SWIFT_OPTIMIZATION_LEVEL = "-Onone";
			};
			name = Debug;
		};
		79860B6F2AF96CE200B95344 /* Release */ = {
			isa = XCBuildConfiguration;
			buildSettings = {
				ALWAYS_SEARCH_USER_PATHS = NO;
				CLANG_ANALYZER_NONNULL = YES;
				CLANG_ANALYZER_NUMBER_OBJECT_CONVERSION = YES_AGGRESSIVE;
				CLANG_CXX_LANGUAGE_STANDARD = "gnu++20";
				CLANG_ENABLE_MODULES = YES;
				CLANG_ENABLE_OBJC_ARC = YES;
				CLANG_ENABLE_OBJC_WEAK = YES;
				CLANG_WARN_BLOCK_CAPTURE_AUTORELEASING = YES;
				CLANG_WARN_BOOL_CONVERSION = YES;
				CLANG_WARN_COMMA = YES;
				CLANG_WARN_CONSTANT_CONVERSION = YES;
				CLANG_WARN_DEPRECATED_OBJC_IMPLEMENTATIONS = YES;
				CLANG_WARN_DIRECT_OBJC_ISA_USAGE = YES_ERROR;
				CLANG_WARN_DOCUMENTATION_COMMENTS = YES;
				CLANG_WARN_EMPTY_BODY = YES;
				CLANG_WARN_ENUM_CONVERSION = YES;
				CLANG_WARN_INFINITE_RECURSION = YES;
				CLANG_WARN_INT_CONVERSION = YES;
				CLANG_WARN_NON_LITERAL_NULL_CONVERSION = YES;
				CLANG_WARN_OBJC_IMPLICIT_RETAIN_SELF = YES;
				CLANG_WARN_OBJC_LITERAL_CONVERSION = YES;
				CLANG_WARN_OBJC_ROOT_CLASS = YES_ERROR;
				CLANG_WARN_QUOTED_INCLUDE_IN_FRAMEWORK_HEADER = YES;
				CLANG_WARN_RANGE_LOOP_ANALYSIS = YES;
				CLANG_WARN_STRICT_PROTOTYPES = YES;
				CLANG_WARN_SUSPICIOUS_MOVE = YES;
				CLANG_WARN_UNGUARDED_AVAILABILITY = YES_AGGRESSIVE;
				CLANG_WARN_UNREACHABLE_CODE = YES;
				CLANG_WARN__DUPLICATE_METHOD_MATCH = YES;
				COPY_PHASE_STRIP = NO;
				DEBUG_INFORMATION_FORMAT = "dwarf-with-dsym";
				ENABLE_NS_ASSERTIONS = NO;
				ENABLE_STRICT_OBJC_MSGSEND = YES;
				ENABLE_USER_SCRIPT_SANDBOXING = NO;
				GCC_C_LANGUAGE_STANDARD = gnu11;
				GCC_NO_COMMON_BLOCKS = YES;
				GCC_WARN_64_TO_32_BIT_CONVERSION = YES;
				GCC_WARN_ABOUT_RETURN_TYPE = YES_ERROR;
				GCC_WARN_UNDECLARED_SELECTOR = YES;
				GCC_WARN_UNINITIALIZED_AUTOS = YES_AGGRESSIVE;
				GCC_WARN_UNUSED_FUNCTION = YES;
				GCC_WARN_UNUSED_VARIABLE = YES;
				IPHONEOS_DEPLOYMENT_TARGET = 16.4;
				MTL_ENABLE_DEBUG_INFO = NO;
				MTL_FAST_MATH = YES;
				SDKROOT = iphoneos;
				SWIFT_COMPILATION_MODE = wholemodule;
				SWIFT_OPTIMIZATION_LEVEL = "-O";
				VALIDATE_PRODUCT = YES;
			};
			name = Release;
		};
		79860B712AF96CE200B95344 /* Debug */ = {
			isa = XCBuildConfiguration;
			baseConfigurationReference = B74401E7C411B0BA04B7B4FB /* Pods-Tracker.debug.xcconfig */;
			buildSettings = {
				ASSETCATALOG_COMPILER_APPICON_NAME = AppIcon;
				ASSETCATALOG_COMPILER_GLOBAL_ACCENT_COLOR_NAME = AccentColor;
				CODE_SIGN_STYLE = Automatic;
				CURRENT_PROJECT_VERSION = 1;
				DEVELOPMENT_TEAM = V32PFZNAH5;
				GENERATE_INFOPLIST_FILE = YES;
				INFOPLIST_FILE = Tracker/Resources/Info.plist;
				INFOPLIST_KEY_UIApplicationSupportsIndirectInputEvents = YES;
				INFOPLIST_KEY_UILaunchStoryboardName = LaunchScreen;
				INFOPLIST_KEY_UIStatusBarStyle = UIStatusBarStyleDarkContent;
				INFOPLIST_KEY_UISupportedInterfaceOrientations = UIInterfaceOrientationPortrait;
				IPHONEOS_DEPLOYMENT_TARGET = 13.4;
				LD_RUNPATH_SEARCH_PATHS = (
					"$(inherited)",
					"@executable_path/Frameworks",
				);
				MARKETING_VERSION = 1.0;
				PRODUCT_BUNDLE_IDENTIFIER = ru.dmirain.Tracker;
				PRODUCT_NAME = "$(TARGET_NAME)";
				SWIFT_EMIT_LOC_STRINGS = YES;
				SWIFT_VERSION = 5.0;
				TARGETED_DEVICE_FAMILY = "1,2";
			};
			name = Debug;
		};
		79860B722AF96CE200B95344 /* Release */ = {
			isa = XCBuildConfiguration;
			baseConfigurationReference = 4CE116944E61CF5CC0601071 /* Pods-Tracker.release.xcconfig */;
			buildSettings = {
				ASSETCATALOG_COMPILER_APPICON_NAME = AppIcon;
				ASSETCATALOG_COMPILER_GLOBAL_ACCENT_COLOR_NAME = AccentColor;
				CODE_SIGN_STYLE = Automatic;
				CURRENT_PROJECT_VERSION = 1;
				DEVELOPMENT_TEAM = V32PFZNAH5;
				GENERATE_INFOPLIST_FILE = YES;
				INFOPLIST_FILE = Tracker/Resources/Info.plist;
				INFOPLIST_KEY_UIApplicationSupportsIndirectInputEvents = YES;
				INFOPLIST_KEY_UILaunchStoryboardName = LaunchScreen;
				INFOPLIST_KEY_UIStatusBarStyle = UIStatusBarStyleDarkContent;
				INFOPLIST_KEY_UISupportedInterfaceOrientations = UIInterfaceOrientationPortrait;
				IPHONEOS_DEPLOYMENT_TARGET = 13.4;
				LD_RUNPATH_SEARCH_PATHS = (
					"$(inherited)",
					"@executable_path/Frameworks",
				);
				MARKETING_VERSION = 1.0;
				PRODUCT_BUNDLE_IDENTIFIER = ru.dmirain.Tracker;
				PRODUCT_NAME = "$(TARGET_NAME)";
				SWIFT_EMIT_LOC_STRINGS = YES;
				SWIFT_VERSION = 5.0;
				TARGETED_DEVICE_FAMILY = "1,2";
			};
			name = Release;
		};
		79860B742AF96CE200B95344 /* Debug */ = {
			isa = XCBuildConfiguration;
			baseConfigurationReference = D95ED937737C1E6E30F8CFDB /* Pods-TrackerTests.debug.xcconfig */;
			buildSettings = {
				ALWAYS_EMBED_SWIFT_STANDARD_LIBRARIES = YES;
				BUNDLE_LOADER = "$(TEST_HOST)";
				CODE_SIGN_STYLE = Automatic;
				CURRENT_PROJECT_VERSION = 1;
				DEVELOPMENT_TEAM = V32PFZNAH5;
				GENERATE_INFOPLIST_FILE = YES;
				IPHONEOS_DEPLOYMENT_TARGET = 16.4;
				MARKETING_VERSION = 1.0;
				PRODUCT_BUNDLE_IDENTIFIER = ru.dmirain.TrackerTests;
				PRODUCT_NAME = "$(TARGET_NAME)";
				SWIFT_EMIT_LOC_STRINGS = NO;
				SWIFT_VERSION = 5.0;
				TARGETED_DEVICE_FAMILY = "1,2";
				TEST_HOST = "$(BUILT_PRODUCTS_DIR)/Tracker.app/$(BUNDLE_EXECUTABLE_FOLDER_PATH)/Tracker";
			};
			name = Debug;
		};
		79860B752AF96CE200B95344 /* Release */ = {
			isa = XCBuildConfiguration;
			baseConfigurationReference = 08AA5AB998CEF665667323A3 /* Pods-TrackerTests.release.xcconfig */;
			buildSettings = {
				ALWAYS_EMBED_SWIFT_STANDARD_LIBRARIES = YES;
				BUNDLE_LOADER = "$(TEST_HOST)";
				CODE_SIGN_STYLE = Automatic;
				CURRENT_PROJECT_VERSION = 1;
				DEVELOPMENT_TEAM = V32PFZNAH5;
				GENERATE_INFOPLIST_FILE = YES;
				IPHONEOS_DEPLOYMENT_TARGET = 16.4;
				MARKETING_VERSION = 1.0;
				PRODUCT_BUNDLE_IDENTIFIER = ru.dmirain.TrackerTests;
				PRODUCT_NAME = "$(TARGET_NAME)";
				SWIFT_EMIT_LOC_STRINGS = NO;
				SWIFT_VERSION = 5.0;
				TARGETED_DEVICE_FAMILY = "1,2";
				TEST_HOST = "$(BUILT_PRODUCTS_DIR)/Tracker.app/$(BUNDLE_EXECUTABLE_FOLDER_PATH)/Tracker";
			};
			name = Release;
		};
		79860B772AF96CE200B95344 /* Debug */ = {
			isa = XCBuildConfiguration;
			baseConfigurationReference = 1C12B78A81F62FBBD8B0A967 /* Pods-Tracker-TrackerUITests.debug.xcconfig */;
			buildSettings = {
				ALWAYS_EMBED_SWIFT_STANDARD_LIBRARIES = YES;
				CODE_SIGN_STYLE = Automatic;
				CURRENT_PROJECT_VERSION = 1;
				DEVELOPMENT_TEAM = V32PFZNAH5;
				GENERATE_INFOPLIST_FILE = YES;
				MARKETING_VERSION = 1.0;
				PRODUCT_BUNDLE_IDENTIFIER = ru.dmirain.TrackerUITests;
				PRODUCT_NAME = "$(TARGET_NAME)";
				SWIFT_EMIT_LOC_STRINGS = NO;
				SWIFT_VERSION = 5.0;
				TARGETED_DEVICE_FAMILY = "1,2";
				TEST_TARGET_NAME = Tracker;
			};
			name = Debug;
		};
		79860B782AF96CE200B95344 /* Release */ = {
			isa = XCBuildConfiguration;
			baseConfigurationReference = CF48656B8438A90AE6C9AF97 /* Pods-Tracker-TrackerUITests.release.xcconfig */;
			buildSettings = {
				ALWAYS_EMBED_SWIFT_STANDARD_LIBRARIES = YES;
				CODE_SIGN_STYLE = Automatic;
				CURRENT_PROJECT_VERSION = 1;
				DEVELOPMENT_TEAM = V32PFZNAH5;
				GENERATE_INFOPLIST_FILE = YES;
				MARKETING_VERSION = 1.0;
				PRODUCT_BUNDLE_IDENTIFIER = ru.dmirain.TrackerUITests;
				PRODUCT_NAME = "$(TARGET_NAME)";
				SWIFT_EMIT_LOC_STRINGS = NO;
				SWIFT_VERSION = 5.0;
				TARGETED_DEVICE_FAMILY = "1,2";
				TEST_TARGET_NAME = Tracker;
			};
			name = Release;
		};
/* End XCBuildConfiguration section */

/* Begin XCConfigurationList section */
		79860B412AF96CE000B95344 /* Build configuration list for PBXProject "Tracker" */ = {
			isa = XCConfigurationList;
			buildConfigurations = (
				79860B6E2AF96CE200B95344 /* Debug */,
				79860B6F2AF96CE200B95344 /* Release */,
			);
			defaultConfigurationIsVisible = 0;
			defaultConfigurationName = Release;
		};
		79860B702AF96CE200B95344 /* Build configuration list for PBXNativeTarget "Tracker" */ = {
			isa = XCConfigurationList;
			buildConfigurations = (
				79860B712AF96CE200B95344 /* Debug */,
				79860B722AF96CE200B95344 /* Release */,
			);
			defaultConfigurationIsVisible = 0;
			defaultConfigurationName = Release;
		};
		79860B732AF96CE200B95344 /* Build configuration list for PBXNativeTarget "TrackerTests" */ = {
			isa = XCConfigurationList;
			buildConfigurations = (
				79860B742AF96CE200B95344 /* Debug */,
				79860B752AF96CE200B95344 /* Release */,
			);
			defaultConfigurationIsVisible = 0;
			defaultConfigurationName = Release;
		};
		79860B762AF96CE200B95344 /* Build configuration list for PBXNativeTarget "TrackerUITests" */ = {
			isa = XCConfigurationList;
			buildConfigurations = (
				79860B772AF96CE200B95344 /* Debug */,
				79860B782AF96CE200B95344 /* Release */,
			);
			defaultConfigurationIsVisible = 0;
			defaultConfigurationName = Release;
		};
/* End XCConfigurationList section */

/* Begin XCRemoteSwiftPackageReference section */
		793E20EB2BAF771B0020271D /* XCRemoteSwiftPackageReference "swift-snapshot-testing" */ = {
			isa = XCRemoteSwiftPackageReference;
			repositoryURL = "https://github.com/pointfreeco/swift-snapshot-testing";
			requirement = {
				kind = upToNextMajorVersion;
				minimumVersion = 1.15.4;
			};
		};
		79860BA32B00BCA600B95344 /* XCRemoteSwiftPackageReference "Swinject" */ = {
			isa = XCRemoteSwiftPackageReference;
			repositoryURL = "https://github.com/Swinject/Swinject.git";
			requirement = {
				kind = upToNextMajorVersion;
				minimumVersion = 2.0.0;
			};
		};
/* End XCRemoteSwiftPackageReference section */

/* Begin XCSwiftPackageProductDependency section */
		793E20EC2BAF771B0020271D /* InlineSnapshotTesting */ = {
			isa = XCSwiftPackageProductDependency;
			package = 793E20EB2BAF771B0020271D /* XCRemoteSwiftPackageReference "swift-snapshot-testing" */;
			productName = InlineSnapshotTesting;
		};
		793E20EE2BAF771B0020271D /* SnapshotTesting */ = {
			isa = XCSwiftPackageProductDependency;
			package = 793E20EB2BAF771B0020271D /* XCRemoteSwiftPackageReference "swift-snapshot-testing" */;
			productName = SnapshotTesting;
		};
		79860BA42B00BCA600B95344 /* Swinject */ = {
			isa = XCSwiftPackageProductDependency;
			package = 79860BA32B00BCA600B95344 /* XCRemoteSwiftPackageReference "Swinject" */;
			productName = Swinject;
		};
/* End XCSwiftPackageProductDependency section */

/* Begin XCVersionGroup section */
		79F8C08F2B6D33AB000E9866 /* Library.xcdatamodeld */ = {
			isa = XCVersionGroup;
			children = (
				79F8C0902B6D33AB000E9866 /* Model.xcdatamodel */,
			);
			currentVersion = 79F8C0902B6D33AB000E9866 /* Model.xcdatamodel */;
			path = Library.xcdatamodeld;
			sourceTree = "<group>";
			versionGroupType = wrapper.xcdatamodel;
		};
/* End XCVersionGroup section */
	};
	rootObject = 79860B3E2AF96CE000B95344 /* Project object */;
}
